// !$*UTF8*$!
{
	archiveVersion = 1;
	classes = {
	};
	objectVersion = 50;
	objects = {

/* Begin PBXBuildFile section */
		032B123023F6002D001BA5E0 /* AppDelegate.swift in Sources */ = {isa = PBXBuildFile; fileRef = 032B122F23F6002D001BA5E0 /* AppDelegate.swift */; };
		032B123223F6002D001BA5E0 /* SceneDelegate.swift in Sources */ = {isa = PBXBuildFile; fileRef = 032B123123F6002D001BA5E0 /* SceneDelegate.swift */; };
		032B123423F6002D001BA5E0 /* ViewController.swift in Sources */ = {isa = PBXBuildFile; fileRef = 032B123323F6002D001BA5E0 /* ViewController.swift */; };
		032B123723F6002D001BA5E0 /* Main.storyboard in Resources */ = {isa = PBXBuildFile; fileRef = 032B123523F6002D001BA5E0 /* Main.storyboard */; };
		032B123923F6002E001BA5E0 /* Assets.xcassets in Resources */ = {isa = PBXBuildFile; fileRef = 032B123823F6002E001BA5E0 /* Assets.xcassets */; };
		032B123C23F6002E001BA5E0 /* LaunchScreen.storyboard in Resources */ = {isa = PBXBuildFile; fileRef = 032B123A23F6002E001BA5E0 /* LaunchScreen.storyboard */; };
		032B124723F6002E001BA5E0 /* Register_InterestTests.swift in Sources */ = {isa = PBXBuildFile; fileRef = 032B124623F6002E001BA5E0 /* Register_InterestTests.swift */; };
		2CBF9B242420110A004A311A /* Register_InterestUserInterfaceTests.swift in Sources */ = {isa = PBXBuildFile; fileRef = 2CBF9B232420110A004A311A /* Register_InterestUserInterfaceTests.swift */; };
		9C109B2A2406C7E700CDAD73 /* ManageData.swift in Sources */ = {isa = PBXBuildFile; fileRef = 9C109B292406C7E700CDAD73 /* ManageData.swift */; };
		9C109B2D2406CCE500CDAD73 /* Validation.swift in Sources */ = {isa = PBXBuildFile; fileRef = 9C109B2C2406CCE500CDAD73 /* Validation.swift */; };
		9C109B2F2406CF5100CDAD73 /* Student.swift in Sources */ = {isa = PBXBuildFile; fileRef = 9C109B2E2406CF5100CDAD73 /* Student.swift */; };
		9C29218623FC2CA100512322 /* CoreLocation.framework in Frameworks */ = {isa = PBXBuildFile; fileRef = 9C29218523FC2CA100512322 /* CoreLocation.framework */; };
		9C29218A23FC3C9E00512322 /* AdminViewController.swift in Sources */ = {isa = PBXBuildFile; fileRef = 9C29218923FC3C9E00512322 /* AdminViewController.swift */; };
		9C4DCF0824045991003906F1 /* CoreData.framework in Frameworks */ = {isa = PBXBuildFile; fileRef = 9C4DCF0724045991003906F1 /* CoreData.framework */; };
		9C4DCF4A24045CD5003906F1 /* RegisterInterestModel.xcdatamodeld in Sources */ = {isa = PBXBuildFile; fileRef = 9C4DCF4824045CD5003906F1 /* RegisterInterestModel.xcdatamodeld */; };
/* End PBXBuildFile section */

/* Begin PBXContainerItemProxy section */
		032B124323F6002E001BA5E0 /* PBXContainerItemProxy */ = {
			isa = PBXContainerItemProxy;
			containerPortal = 032B122423F6002D001BA5E0 /* Project object */;
			proxyType = 1;
			remoteGlobalIDString = 032B122B23F6002D001BA5E0;
			remoteInfo = "Register Interest";
		};
		032B124E23F6002E001BA5E0 /* PBXContainerItemProxy */ = {
			isa = PBXContainerItemProxy;
			containerPortal = 032B122423F6002D001BA5E0 /* Project object */;
			proxyType = 1;
			remoteGlobalIDString = 032B122B23F6002D001BA5E0;
			remoteInfo = "Register Interest";
		};
/* End PBXContainerItemProxy section */

/* Begin PBXFileReference section */
		032B122C23F6002D001BA5E0 /* Register Interest.app */ = {isa = PBXFileReference; explicitFileType = wrapper.application; includeInIndex = 0; path = "Register Interest.app"; sourceTree = BUILT_PRODUCTS_DIR; };
		032B122F23F6002D001BA5E0 /* AppDelegate.swift */ = {isa = PBXFileReference; lastKnownFileType = sourcecode.swift; path = AppDelegate.swift; sourceTree = "<group>"; };
		032B123123F6002D001BA5E0 /* SceneDelegate.swift */ = {isa = PBXFileReference; lastKnownFileType = sourcecode.swift; path = SceneDelegate.swift; sourceTree = "<group>"; };
		032B123323F6002D001BA5E0 /* ViewController.swift */ = {isa = PBXFileReference; lastKnownFileType = sourcecode.swift; path = ViewController.swift; sourceTree = "<group>"; };
		032B123623F6002D001BA5E0 /* Base */ = {isa = PBXFileReference; lastKnownFileType = file.storyboard; name = Base; path = Base.lproj/Main.storyboard; sourceTree = "<group>"; };
		032B123823F6002E001BA5E0 /* Assets.xcassets */ = {isa = PBXFileReference; lastKnownFileType = folder.assetcatalog; path = Assets.xcassets; sourceTree = "<group>"; };
		032B123B23F6002E001BA5E0 /* Base */ = {isa = PBXFileReference; lastKnownFileType = file.storyboard; name = Base; path = Base.lproj/LaunchScreen.storyboard; sourceTree = "<group>"; };
		032B123D23F6002E001BA5E0 /* Info.plist */ = {isa = PBXFileReference; lastKnownFileType = text.plist.xml; path = Info.plist; sourceTree = "<group>"; };
		032B124223F6002E001BA5E0 /* Register InterestTests.xctest */ = {isa = PBXFileReference; explicitFileType = wrapper.cfbundle; includeInIndex = 0; path = "Register InterestTests.xctest"; sourceTree = BUILT_PRODUCTS_DIR; };
		032B124623F6002E001BA5E0 /* Register_InterestTests.swift */ = {isa = PBXFileReference; lastKnownFileType = sourcecode.swift; path = Register_InterestTests.swift; sourceTree = "<group>"; };
		032B124823F6002E001BA5E0 /* Info.plist */ = {isa = PBXFileReference; lastKnownFileType = text.plist.xml; path = Info.plist; sourceTree = "<group>"; };
		032B124D23F6002E001BA5E0 /* Register InterestUITests.xctest */ = {isa = PBXFileReference; explicitFileType = wrapper.cfbundle; includeInIndex = 0; path = "Register InterestUITests.xctest"; sourceTree = BUILT_PRODUCTS_DIR; };
		032B125323F6002E001BA5E0 /* Info.plist */ = {isa = PBXFileReference; lastKnownFileType = text.plist.xml; path = Info.plist; sourceTree = "<group>"; };
		2CBF9B232420110A004A311A /* Register_InterestUserInterfaceTests.swift */ = {isa = PBXFileReference; lastKnownFileType = sourcecode.swift; path = Register_InterestUserInterfaceTests.swift; sourceTree = "<group>"; };
		9C109B292406C7E700CDAD73 /* ManageData.swift */ = {isa = PBXFileReference; lastKnownFileType = sourcecode.swift; path = ManageData.swift; sourceTree = "<group>"; };
		9C109B2C2406CCE500CDAD73 /* Validation.swift */ = {isa = PBXFileReference; lastKnownFileType = sourcecode.swift; path = Validation.swift; sourceTree = "<group>"; };
		9C109B2E2406CF5100CDAD73 /* Student.swift */ = {isa = PBXFileReference; lastKnownFileType = sourcecode.swift; path = Student.swift; sourceTree = "<group>"; };
		9C29218523FC2CA100512322 /* CoreLocation.framework */ = {isa = PBXFileReference; lastKnownFileType = wrapper.framework; name = CoreLocation.framework; path = System/Library/Frameworks/CoreLocation.framework; sourceTree = SDKROOT; };
		9C29218923FC3C9E00512322 /* AdminViewController.swift */ = {isa = PBXFileReference; lastKnownFileType = sourcecode.swift; path = AdminViewController.swift; sourceTree = "<group>"; };
		9C4DCF0724045991003906F1 /* CoreData.framework */ = {isa = PBXFileReference; lastKnownFileType = wrapper.framework; name = CoreData.framework; path = System/Library/Frameworks/CoreData.framework; sourceTree = SDKROOT; };
		9C4DCF4924045CD5003906F1 /* RegisterInterestModel.xcdatamodel */ = {isa = PBXFileReference; lastKnownFileType = wrapper.xcdatamodel; path = RegisterInterestModel.xcdatamodel; sourceTree = "<group>"; };
/* End PBXFileReference section */

/* Begin PBXFrameworksBuildPhase section */
		032B122923F6002D001BA5E0 /* Frameworks */ = {
			isa = PBXFrameworksBuildPhase;
			buildActionMask = 2147483647;
			files = (
				9C4DCF0824045991003906F1 /* CoreData.framework in Frameworks */,
				9C29218623FC2CA100512322 /* CoreLocation.framework in Frameworks */,
			);
			runOnlyForDeploymentPostprocessing = 0;
		};
		032B123F23F6002E001BA5E0 /* Frameworks */ = {
			isa = PBXFrameworksBuildPhase;
			buildActionMask = 2147483647;
			files = (
			);
			runOnlyForDeploymentPostprocessing = 0;
		};
		032B124A23F6002E001BA5E0 /* Frameworks */ = {
			isa = PBXFrameworksBuildPhase;
			buildActionMask = 2147483647;
			files = (
			);
			runOnlyForDeploymentPostprocessing = 0;
		};
/* End PBXFrameworksBuildPhase section */

/* Begin PBXGroup section */
		032B122323F6002D001BA5E0 = {
			isa = PBXGroup;
			children = (
				032B122E23F6002D001BA5E0 /* Register Interest */,
				032B124523F6002E001BA5E0 /* Register InterestTests */,
				032B125023F6002E001BA5E0 /* Register InterestUITests */,
				032B122D23F6002D001BA5E0 /* Products */,
				9C29218423FC2CA100512322 /* Frameworks */,
			);
			sourceTree = "<group>";
		};
		032B122D23F6002D001BA5E0 /* Products */ = {
			isa = PBXGroup;
			children = (
				032B122C23F6002D001BA5E0 /* Register Interest.app */,
				032B124223F6002E001BA5E0 /* Register InterestTests.xctest */,
				032B124D23F6002E001BA5E0 /* Register InterestUITests.xctest */,
			);
			name = Products;
			sourceTree = "<group>";
		};
		032B122E23F6002D001BA5E0 /* Register Interest */ = {
			isa = PBXGroup;
			children = (
				032B122F23F6002D001BA5E0 /* AppDelegate.swift */,
				032B123123F6002D001BA5E0 /* SceneDelegate.swift */,
				032B123323F6002D001BA5E0 /* ViewController.swift */,
				032B123523F6002D001BA5E0 /* Main.storyboard */,
				9C29218923FC3C9E00512322 /* AdminViewController.swift */,
				9C4DCF4824045CD5003906F1 /* RegisterInterestModel.xcdatamodeld */,
				032B123823F6002E001BA5E0 /* Assets.xcassets */,
				032B123A23F6002E001BA5E0 /* LaunchScreen.storyboard */,
				032B123D23F6002E001BA5E0 /* Info.plist */,
				9C109B2B2406CCA400CDAD73 /* Data */,
			);
			path = "Register Interest";
			sourceTree = "<group>";
		};
		032B124523F6002E001BA5E0 /* Register InterestTests */ = {
			isa = PBXGroup;
			children = (
				032B124623F6002E001BA5E0 /* Register_InterestTests.swift */,
				032B124823F6002E001BA5E0 /* Info.plist */,
			);
			path = "Register InterestTests";
			sourceTree = "<group>";
		};
		032B125023F6002E001BA5E0 /* Register InterestUITests */ = {
			isa = PBXGroup;
			children = (
				032B125323F6002E001BA5E0 /* Info.plist */,
				2CBF9B232420110A004A311A /* Register_InterestUserInterfaceTests.swift */,
			);
			path = "Register InterestUITests";
			sourceTree = "<group>";
		};
		9C109B2B2406CCA400CDAD73 /* Data */ = {
			isa = PBXGroup;
			children = (
				9C109B292406C7E700CDAD73 /* ManageData.swift */,
				9C109B2C2406CCE500CDAD73 /* Validation.swift */,
				9C109B2E2406CF5100CDAD73 /* Student.swift */,
			);
			path = Data;
			sourceTree = "<group>";
		};
		9C29218423FC2CA100512322 /* Frameworks */ = {
			isa = PBXGroup;
			children = (
				9C4DCF0724045991003906F1 /* CoreData.framework */,
				9C29218523FC2CA100512322 /* CoreLocation.framework */,
			);
			name = Frameworks;
			sourceTree = "<group>";
		};
/* End PBXGroup section */

/* Begin PBXNativeTarget section */
		032B122B23F6002D001BA5E0 /* Register Interest */ = {
			isa = PBXNativeTarget;
			buildConfigurationList = 032B125623F6002E001BA5E0 /* Build configuration list for PBXNativeTarget "Register Interest" */;
			buildPhases = (
				032B122823F6002D001BA5E0 /* Sources */,
				032B122923F6002D001BA5E0 /* Frameworks */,
				032B122A23F6002D001BA5E0 /* Resources */,
			);
			buildRules = (
			);
			dependencies = (
			);
			name = "Register Interest";
			productName = "Register Interest";
			productReference = 032B122C23F6002D001BA5E0 /* Register Interest.app */;
			productType = "com.apple.product-type.application";
		};
		032B124123F6002E001BA5E0 /* Register InterestTests */ = {
			isa = PBXNativeTarget;
			buildConfigurationList = 032B125923F6002E001BA5E0 /* Build configuration list for PBXNativeTarget "Register InterestTests" */;
			buildPhases = (
				032B123E23F6002E001BA5E0 /* Sources */,
				032B123F23F6002E001BA5E0 /* Frameworks */,
				032B124023F6002E001BA5E0 /* Resources */,
			);
			buildRules = (
			);
			dependencies = (
				032B124423F6002E001BA5E0 /* PBXTargetDependency */,
			);
			name = "Register InterestTests";
			productName = "Register InterestTests";
			productReference = 032B124223F6002E001BA5E0 /* Register InterestTests.xctest */;
			productType = "com.apple.product-type.bundle.unit-test";
		};
		032B124C23F6002E001BA5E0 /* Register InterestUITests */ = {
			isa = PBXNativeTarget;
			buildConfigurationList = 032B125C23F6002E001BA5E0 /* Build configuration list for PBXNativeTarget "Register InterestUITests" */;
			buildPhases = (
				032B124923F6002E001BA5E0 /* Sources */,
				032B124A23F6002E001BA5E0 /* Frameworks */,
				032B124B23F6002E001BA5E0 /* Resources */,
			);
			buildRules = (
			);
			dependencies = (
				032B124F23F6002E001BA5E0 /* PBXTargetDependency */,
			);
			name = "Register InterestUITests";
			productName = "Register InterestUITests";
			productReference = 032B124D23F6002E001BA5E0 /* Register InterestUITests.xctest */;
			productType = "com.apple.product-type.bundle.ui-testing";
		};
/* End PBXNativeTarget section */

/* Begin PBXProject section */
		032B122423F6002D001BA5E0 /* Project object */ = {
			isa = PBXProject;
			attributes = {
				LastSwiftUpdateCheck = 1120;
				LastUpgradeCheck = 1120;
				ORGANIZATIONNAME = "Ashley Brindle";
				TargetAttributes = {
					032B122B23F6002D001BA5E0 = {
						CreatedOnToolsVersion = 11.2;
					};
					032B124123F6002E001BA5E0 = {
						CreatedOnToolsVersion = 11.2;
						TestTargetID = 032B122B23F6002D001BA5E0;
					};
					032B124C23F6002E001BA5E0 = {
						CreatedOnToolsVersion = 11.2;
						TestTargetID = 032B122B23F6002D001BA5E0;
					};
				};
			};
			buildConfigurationList = 032B122723F6002D001BA5E0 /* Build configuration list for PBXProject "Register Interest" */;
			compatibilityVersion = "Xcode 9.3";
			developmentRegion = en;
			hasScannedForEncodings = 0;
			knownRegions = (
				en,
				Base,
			);
			mainGroup = 032B122323F6002D001BA5E0;
			productRefGroup = 032B122D23F6002D001BA5E0 /* Products */;
			projectDirPath = "";
			projectRoot = "";
			targets = (
				032B122B23F6002D001BA5E0 /* Register Interest */,
				032B124123F6002E001BA5E0 /* Register InterestTests */,
				032B124C23F6002E001BA5E0 /* Register InterestUITests */,
			);
		};
/* End PBXProject section */

/* Begin PBXResourcesBuildPhase section */
		032B122A23F6002D001BA5E0 /* Resources */ = {
			isa = PBXResourcesBuildPhase;
			buildActionMask = 2147483647;
			files = (
				032B123C23F6002E001BA5E0 /* LaunchScreen.storyboard in Resources */,
				032B123923F6002E001BA5E0 /* Assets.xcassets in Resources */,
				032B123723F6002D001BA5E0 /* Main.storyboard in Resources */,
			);
			runOnlyForDeploymentPostprocessing = 0;
		};
		032B124023F6002E001BA5E0 /* Resources */ = {
			isa = PBXResourcesBuildPhase;
			buildActionMask = 2147483647;
			files = (
			);
			runOnlyForDeploymentPostprocessing = 0;
		};
		032B124B23F6002E001BA5E0 /* Resources */ = {
			isa = PBXResourcesBuildPhase;
			buildActionMask = 2147483647;
			files = (
			);
			runOnlyForDeploymentPostprocessing = 0;
		};
/* End PBXResourcesBuildPhase section */

/* Begin PBXSourcesBuildPhase section */
		032B122823F6002D001BA5E0 /* Sources */ = {
			isa = PBXSourcesBuildPhase;
			buildActionMask = 2147483647;
			files = (
				9C109B2F2406CF5100CDAD73 /* Student.swift in Sources */,
				9C109B2A2406C7E700CDAD73 /* ManageData.swift in Sources */,
				9C29218A23FC3C9E00512322 /* AdminViewController.swift in Sources */,
				032B123423F6002D001BA5E0 /* ViewController.swift in Sources */,
				9C4DCF4A24045CD5003906F1 /* RegisterInterestModel.xcdatamodeld in Sources */,
				032B123023F6002D001BA5E0 /* AppDelegate.swift in Sources */,
				032B123223F6002D001BA5E0 /* SceneDelegate.swift in Sources */,
				9C109B2D2406CCE500CDAD73 /* Validation.swift in Sources */,
			);
			runOnlyForDeploymentPostprocessing = 0;
		};
		032B123E23F6002E001BA5E0 /* Sources */ = {
			isa = PBXSourcesBuildPhase;
			buildActionMask = 2147483647;
			files = (
				032B124723F6002E001BA5E0 /* Register_InterestTests.swift in Sources */,
			);
			runOnlyForDeploymentPostprocessing = 0;
		};
		032B124923F6002E001BA5E0 /* Sources */ = {
			isa = PBXSourcesBuildPhase;
			buildActionMask = 2147483647;
			files = (
				2CBF9B242420110A004A311A /* Register_InterestUserInterfaceTests.swift in Sources */,
			);
			runOnlyForDeploymentPostprocessing = 0;
		};
/* End PBXSourcesBuildPhase section */

/* Begin PBXTargetDependency section */
		032B124423F6002E001BA5E0 /* PBXTargetDependency */ = {
			isa = PBXTargetDependency;
			target = 032B122B23F6002D001BA5E0 /* Register Interest */;
			targetProxy = 032B124323F6002E001BA5E0 /* PBXContainerItemProxy */;
		};
		032B124F23F6002E001BA5E0 /* PBXTargetDependency */ = {
			isa = PBXTargetDependency;
			target = 032B122B23F6002D001BA5E0 /* Register Interest */;
			targetProxy = 032B124E23F6002E001BA5E0 /* PBXContainerItemProxy */;
		};
/* End PBXTargetDependency section */

/* Begin PBXVariantGroup section */
		032B123523F6002D001BA5E0 /* Main.storyboard */ = {
			isa = PBXVariantGroup;
			children = (
				032B123623F6002D001BA5E0 /* Base */,
			);
			name = Main.storyboard;
			sourceTree = "<group>";
		};
		032B123A23F6002E001BA5E0 /* LaunchScreen.storyboard */ = {
			isa = PBXVariantGroup;
			children = (
				032B123B23F6002E001BA5E0 /* Base */,
			);
			name = LaunchScreen.storyboard;
			sourceTree = "<group>";
		};
/* End PBXVariantGroup section */

/* Begin XCBuildConfiguration section */
		032B125423F6002E001BA5E0 /* Debug */ = {
			isa = XCBuildConfiguration;
			buildSettings = {
				ALWAYS_SEARCH_USER_PATHS = NO;
				CLANG_ANALYZER_NONNULL = YES;
				CLANG_ANALYZER_NUMBER_OBJECT_CONVERSION = YES_AGGRESSIVE;
				CLANG_CXX_LANGUAGE_STANDARD = "gnu++14";
				CLANG_CXX_LIBRARY = "libc++";
				CLANG_ENABLE_MODULES = YES;
				CLANG_ENABLE_OBJC_ARC = YES;
				CLANG_ENABLE_OBJC_WEAK = YES;
				CLANG_WARN_BLOCK_CAPTURE_AUTORELEASING = YES;
				CLANG_WARN_BOOL_CONVERSION = YES;
				CLANG_WARN_COMMA = YES;
				CLANG_WARN_CONSTANT_CONVERSION = YES;
				CLANG_WARN_DEPRECATED_OBJC_IMPLEMENTATIONS = YES;
				CLANG_WARN_DIRECT_OBJC_ISA_USAGE = YES_ERROR;
				CLANG_WARN_DOCUMENTATION_COMMENTS = YES;
				CLANG_WARN_EMPTY_BODY = YES;
				CLANG_WARN_ENUM_CONVERSION = YES;
				CLANG_WARN_INFINITE_RECURSION = YES;
				CLANG_WARN_INT_CONVERSION = YES;
				CLANG_WARN_NON_LITERAL_NULL_CONVERSION = YES;
				CLANG_WARN_OBJC_IMPLICIT_RETAIN_SELF = YES;
				CLANG_WARN_OBJC_LITERAL_CONVERSION = YES;
				CLANG_WARN_OBJC_ROOT_CLASS = YES_ERROR;
				CLANG_WARN_RANGE_LOOP_ANALYSIS = YES;
				CLANG_WARN_STRICT_PROTOTYPES = YES;
				CLANG_WARN_SUSPICIOUS_MOVE = YES;
				CLANG_WARN_UNGUARDED_AVAILABILITY = YES_AGGRESSIVE;
				CLANG_WARN_UNREACHABLE_CODE = YES;
				CLANG_WARN__DUPLICATE_METHOD_MATCH = YES;
				COPY_PHASE_STRIP = NO;
				DEBUG_INFORMATION_FORMAT = dwarf;
				ENABLE_STRICT_OBJC_MSGSEND = YES;
				ENABLE_TESTABILITY = YES;
				GCC_C_LANGUAGE_STANDARD = gnu11;
				GCC_DYNAMIC_NO_PIC = NO;
				GCC_NO_COMMON_BLOCKS = YES;
				GCC_OPTIMIZATION_LEVEL = 0;
				GCC_PREPROCESSOR_DEFINITIONS = (
					"DEBUG=1",
					"$(inherited)",
				);
				GCC_WARN_64_TO_32_BIT_CONVERSION = YES;
				GCC_WARN_ABOUT_RETURN_TYPE = YES_ERROR;
				GCC_WARN_UNDECLARED_SELECTOR = YES;
				GCC_WARN_UNINITIALIZED_AUTOS = YES_AGGRESSIVE;
				GCC_WARN_UNUSED_FUNCTION = YES;
				GCC_WARN_UNUSED_VARIABLE = YES;
				IPHONEOS_DEPLOYMENT_TARGET = 13.2;
				MTL_ENABLE_DEBUG_INFO = INCLUDE_SOURCE;
				MTL_FAST_MATH = YES;
				ONLY_ACTIVE_ARCH = YES;
				SDKROOT = iphoneos;
				SWIFT_ACTIVE_COMPILATION_CONDITIONS = DEBUG;
				SWIFT_OPTIMIZATION_LEVEL = "-Onone";
			};
			name = Debug;
		};
		032B125523F6002E001BA5E0 /* Release */ = {
			isa = XCBuildConfiguration;
			buildSettings = {
				ALWAYS_SEARCH_USER_PATHS = NO;
				CLANG_ANALYZER_NONNULL = YES;
				CLANG_ANALYZER_NUMBER_OBJECT_CONVERSION = YES_AGGRESSIVE;
				CLANG_CXX_LANGUAGE_STANDARD = "gnu++14";
				CLANG_CXX_LIBRARY = "libc++";
				CLANG_ENABLE_MODULES = YES;
				CLANG_ENABLE_OBJC_ARC = YES;
				CLANG_ENABLE_OBJC_WEAK = YES;
				CLANG_WARN_BLOCK_CAPTURE_AUTORELEASING = YES;
				CLANG_WARN_BOOL_CONVERSION = YES;
				CLANG_WARN_COMMA = YES;
				CLANG_WARN_CONSTANT_CONVERSION = YES;
				CLANG_WARN_DEPRECATED_OBJC_IMPLEMENTATIONS = YES;
				CLANG_WARN_DIRECT_OBJC_ISA_USAGE = YES_ERROR;
				CLANG_WARN_DOCUMENTATION_COMMENTS = YES;
				CLANG_WARN_EMPTY_BODY = YES;
				CLANG_WARN_ENUM_CONVERSION = YES;
				CLANG_WARN_INFINITE_RECURSION = YES;
				CLANG_WARN_INT_CONVERSION = YES;
				CLANG_WARN_NON_LITERAL_NULL_CONVERSION = YES;
				CLANG_WARN_OBJC_IMPLICIT_RETAIN_SELF = YES;
				CLANG_WARN_OBJC_LITERAL_CONVERSION = YES;
				CLANG_WARN_OBJC_ROOT_CLASS = YES_ERROR;
				CLANG_WARN_RANGE_LOOP_ANALYSIS = YES;
				CLANG_WARN_STRICT_PROTOTYPES = YES;
				CLANG_WARN_SUSPICIOUS_MOVE = YES;
				CLANG_WARN_UNGUARDED_AVAILABILITY = YES_AGGRESSIVE;
				CLANG_WARN_UNREACHABLE_CODE = YES;
				CLANG_WARN__DUPLICATE_METHOD_MATCH = YES;
				COPY_PHASE_STRIP = NO;
				DEBUG_INFORMATION_FORMAT = "dwarf-with-dsym";
				ENABLE_NS_ASSERTIONS = NO;
				ENABLE_STRICT_OBJC_MSGSEND = YES;
				GCC_C_LANGUAGE_STANDARD = gnu11;
				GCC_NO_COMMON_BLOCKS = YES;
				GCC_WARN_64_TO_32_BIT_CONVERSION = YES;
				GCC_WARN_ABOUT_RETURN_TYPE = YES_ERROR;
				GCC_WARN_UNDECLARED_SELECTOR = YES;
				GCC_WARN_UNINITIALIZED_AUTOS = YES_AGGRESSIVE;
				GCC_WARN_UNUSED_FUNCTION = YES;
				GCC_WARN_UNUSED_VARIABLE = YES;
				IPHONEOS_DEPLOYMENT_TARGET = 13.2;
				MTL_ENABLE_DEBUG_INFO = NO;
				MTL_FAST_MATH = YES;
				SDKROOT = iphoneos;
				SWIFT_COMPILATION_MODE = wholemodule;
				SWIFT_OPTIMIZATION_LEVEL = "-O";
				VALIDATE_PRODUCT = YES;
			};
			name = Release;
		};
		032B125723F6002E001BA5E0 /* Debug */ = {
			isa = XCBuildConfiguration;
			buildSettings = {
				ASSETCATALOG_COMPILER_APPICON_NAME = AppIcon;
				CODE_SIGN_STYLE = Automatic;
				DEVELOPMENT_TEAM = QMK8V5D5HX;
				INFOPLIST_FILE = "Register Interest/Info.plist";
				LD_RUNPATH_SEARCH_PATHS = (
					"$(inherited)",
					"@executable_path/Frameworks",
				);
				PRODUCT_BUNDLE_IDENTIFIER = "ash.16022599.Register-Interest";
				PRODUCT_NAME = "Register Interest";
				SWIFT_VERSION = 5.0;
				TARGETED_DEVICE_FAMILY = "1,2";
			};
			name = Debug;
		};
		032B125823F6002E001BA5E0 /* Release */ = {
			isa = XCBuildConfiguration;
			buildSettings = {
				ASSETCATALOG_COMPILER_APPICON_NAME = AppIcon;
				CODE_SIGN_STYLE = Automatic;
				DEVELOPMENT_TEAM = QMK8V5D5HX;
				INFOPLIST_FILE = "Register Interest/Info.plist";
				LD_RUNPATH_SEARCH_PATHS = (
					"$(inherited)",
					"@executable_path/Frameworks",
				);
				PRODUCT_BUNDLE_IDENTIFIER = "ash.16022599.Register-Interest";
				PRODUCT_NAME = "Register Interest";
				SWIFT_VERSION = 5.0;
				TARGETED_DEVICE_FAMILY = "1,2";
			};
			name = Release;
		};
		032B125A23F6002E001BA5E0 /* Debug */ = {
			isa = XCBuildConfiguration;
			buildSettings = {
				ALWAYS_EMBED_SWIFT_STANDARD_LIBRARIES = YES;
				BUNDLE_LOADER = "$(TEST_HOST)";
				CODE_SIGN_STYLE = Automatic;
				DEVELOPMENT_TEAM = QMK8V5D5HX;
				INFOPLIST_FILE = "Register InterestTests/Info.plist";
				IPHONEOS_DEPLOYMENT_TARGET = 13.2;
				LD_RUNPATH_SEARCH_PATHS = (
					"$(inherited)",
					"@executable_path/Frameworks",
					"@loader_path/Frameworks",
				);
				PRODUCT_BUNDLE_IDENTIFIER = "ash.16022599.Register-InterestTests";
				PRODUCT_NAME = "$(TARGET_NAME)";
				SWIFT_VERSION = 5.0;
				TARGETED_DEVICE_FAMILY = "1,2";
				TEST_HOST = "$(BUILT_PRODUCTS_DIR)/Register Interest.app/Register Interest";
			};
			name = Debug;
		};
		032B125B23F6002E001BA5E0 /* Release */ = {
			isa = XCBuildConfiguration;
			buildSettings = {
				ALWAYS_EMBED_SWIFT_STANDARD_LIBRARIES = YES;
				BUNDLE_LOADER = "$(TEST_HOST)";
				CODE_SIGN_STYLE = Automatic;
				DEVELOPMENT_TEAM = QMK8V5D5HX;
				INFOPLIST_FILE = "Register InterestTests/Info.plist";
				IPHONEOS_DEPLOYMENT_TARGET = 13.2;
				LD_RUNPATH_SEARCH_PATHS = (
					"$(inherited)",
					"@executable_path/Frameworks",
					"@loader_path/Frameworks",
				);
				PRODUCT_BUNDLE_IDENTIFIER = "ash.16022599.Register-InterestTests";
				PRODUCT_NAME = "$(TARGET_NAME)";
				SWIFT_VERSION = 5.0;
				TARGETED_DEVICE_FAMILY = "1,2";
				TEST_HOST = "$(BUILT_PRODUCTS_DIR)/Register Interest.app/Register Interest";
			};
			name = Release;
		};
		032B125D23F6002E001BA5E0 /* Debug */ = {
			isa = XCBuildConfiguration;
			buildSettings = {
				ALWAYS_EMBED_SWIFT_STANDARD_LIBRARIES = YES;
				CODE_SIGN_STYLE = Automatic;
				DEVELOPMENT_TEAM = QMK8V5D5HX;
				INFOPLIST_FILE = "Register InterestUITests/Info.plist";
				LD_RUNPATH_SEARCH_PATHS = (
					"$(inherited)",
					"@executable_path/Frameworks",
					"@loader_path/Frameworks",
				);
				PRODUCT_BUNDLE_IDENTIFIER = "ash.16022599.Register-InterestUITests";
				PRODUCT_NAME = "$(TARGET_NAME)";
				SWIFT_VERSION = 5.0;
				TARGETED_DEVICE_FAMILY = "1,2";
				TEST_TARGET_NAME = "Register Interest";
			};
			name = Debug;
		};
		032B125E23F6002E001BA5E0 /* Release */ = {
			isa = XCBuildConfiguration;
			buildSettings = {
				ALWAYS_EMBED_SWIFT_STANDARD_LIBRARIES = YES;
				CODE_SIGN_STYLE = Automatic;
				DEVELOPMENT_TEAM = QMK8V5D5HX;
				INFOPLIST_FILE = "Register InterestUITests/Info.plist";
				LD_RUNPATH_SEARCH_PATHS = (
					"$(inherited)",
					"@executable_path/Frameworks",
					"@loader_path/Frameworks",
				);
				PRODUCT_BUNDLE_IDENTIFIER = "ash.16022599.Register-InterestUITests";
				PRODUCT_NAME = "$(TARGET_NAME)";
				SWIFT_VERSION = 5.0;
				TARGETED_DEVICE_FAMILY = "1,2";
				TEST_TARGET_NAME = "Register Interest";
			};
			name = Release;
		};
/* End XCBuildConfiguration section */

/* Begin XCConfigurationList section */
		032B122723F6002D001BA5E0 /* Build configuration list for PBXProject "Register Interest" */ = {
			isa = XCConfigurationList;
			buildConfigurations = (
				032B125423F6002E001BA5E0 /* Debug */,
				032B125523F6002E001BA5E0 /* Release */,
			);
			defaultConfigurationIsVisible = 0;
			defaultConfigurationName = Release;
		};
		032B125623F6002E001BA5E0 /* Build configuration list for PBXNativeTarget "Register Interest" */ = {
			isa = XCConfigurationList;
			buildConfigurations = (
				032B125723F6002E001BA5E0 /* Debug */,
				032B125823F6002E001BA5E0 /* Release */,
			);
			defaultConfigurationIsVisible = 0;
			defaultConfigurationName = Release;
		};
		032B125923F6002E001BA5E0 /* Build configuration list for PBXNativeTarget "Register InterestTests" */ = {
			isa = XCConfigurationList;
			buildConfigurations = (
				032B125A23F6002E001BA5E0 /* Debug */,
				032B125B23F6002E001BA5E0 /* Release */,
			);
			defaultConfigurationIsVisible = 0;
			defaultConfigurationName = Release;
		};
		032B125C23F6002E001BA5E0 /* Build configuration list for PBXNativeTarget "Register InterestUITests" */ = {
			isa = XCConfigurationList;
			buildConfigurations = (
				032B125D23F6002E001BA5E0 /* Debug */,
				032B125E23F6002E001BA5E0 /* Release */,
			);
			defaultConfigurationIsVisible = 0;
			defaultConfigurationName = Release;
		};
/* End XCConfigurationList section */

/* Begin XCVersionGroup section */
		9C4DCF4824045CD5003906F1 /* RegisterInterestModel.xcdatamodeld */ = {
			isa = XCVersionGroup;
			children = (
				9C4DCF4924045CD5003906F1 /* RegisterInterestModel.xcdatamodel */,
			);
			currentVersion = 9C4DCF4924045CD5003906F1 /* RegisterInterestModel.xcdatamodel */;
			path = RegisterInterestModel.xcdatamodeld;
			sourceTree = "<group>";
			versionGroupType = wrapper.xcdatamodel;
		};
/* End XCVersionGroup section */
	};
	rootObject = 032B122423F6002D001BA5E0 /* Project object */;
}
